[[package]]
name = "atomicwrites"
version = "1.4.0"
description = "Atomic file writes."
category = "main"
optional = false
python-versions = ">=2.7, !=3.0.*, !=3.1.*, !=3.2.*, !=3.3.*"

[[package]]
name = "attrs"
version = "20.3.0"
description = "Classes Without Boilerplate"
category = "main"
optional = false
python-versions = ">=2.7, !=3.0.*, !=3.1.*, !=3.2.*, !=3.3.*"

[package.extras]
dev = ["coverage[toml] (>=5.0.2)", "hypothesis", "pympler", "pytest (>=4.3.0)", "six", "zope.interface", "furo", "sphinx", "pre-commit"]
docs = ["furo", "sphinx", "zope.interface"]
tests = ["coverage[toml] (>=5.0.2)", "hypothesis", "pympler", "pytest (>=4.3.0)", "six", "zope.interface"]
tests_no_zope = ["coverage[toml] (>=5.0.2)", "hypothesis", "pympler", "pytest (>=4.3.0)", "six"]

[[package]]
name = "brickschema"
version = "0.3.0"
description = "A library for working with the Brick ontology for buildings (brickschema.org)"
category = "main"
optional = false
python-versions = ">=3.6,<4.0"

[package.dependencies]
Flask = ">=1.1.2,<2.0.0"
owlrl = ">=5.2,<6.0"
pyshacl = ">=0.14.2,<0.15.0"
pytest = ">=6.2,<7.0"
rdflib = ">=5.0,<6.0"
requests = ">=2.24.0,<3.0.0"
sqlalchemy = ">=1.3,<2.0"

[package.extras]
allegro = ["docker (>=4.1,<5.0)"]
reasonable = ["reasonable (>=0.1.22,<0.2.0)"]

[[package]]
name = "certifi"
version = "2020.12.5"
description = "Python package for providing Mozilla's CA Bundle."
category = "main"
optional = false
python-versions = "*"

[[package]]
name = "chardet"
version = "4.0.0"
description = "Universal encoding detector for Python 2 and 3"
category = "main"
optional = false
python-versions = ">=2.7, !=3.0.*, !=3.1.*, !=3.2.*, !=3.3.*, !=3.4.*"

[[package]]
name = "click"
version = "7.1.2"
description = "Composable command line interface toolkit"
category = "main"
optional = false
python-versions = ">=2.7, !=3.0.*, !=3.1.*, !=3.2.*, !=3.3.*, !=3.4.*"

[[package]]
name = "colorama"
version = "0.4.4"
description = "Cross-platform colored terminal text."
category = "main"
optional = false
python-versions = ">=2.7, !=3.0.*, !=3.1.*, !=3.2.*, !=3.3.*, !=3.4.*"

[[package]]
name = "flask"
version = "1.1.2"
description = "A simple framework for building complex web applications."
category = "main"
optional = false
python-versions = ">=2.7, !=3.0.*, !=3.1.*, !=3.2.*, !=3.3.*, !=3.4.*"

[package.dependencies]
click = ">=5.1"
itsdangerous = ">=0.24"
Jinja2 = ">=2.10.1"
Werkzeug = ">=0.15"

[package.extras]
dev = ["pytest", "coverage", "tox", "sphinx", "pallets-sphinx-themes", "sphinxcontrib-log-cabinet", "sphinx-issues"]
docs = ["sphinx", "pallets-sphinx-themes", "sphinxcontrib-log-cabinet", "sphinx-issues"]
dotenv = ["python-dotenv"]

[[package]]
name = "idna"
version = "2.10"
description = "Internationalized Domain Names in Applications (IDNA)"
category = "main"
optional = false
python-versions = ">=2.7, !=3.0.*, !=3.1.*, !=3.2.*, !=3.3.*"

[[package]]
name = "importlib-metadata"
version = "3.7.0"
description = "Read metadata from Python packages"
category = "main"
optional = false
python-versions = ">=3.6"

[package.dependencies]
typing-extensions = {version = ">=3.6.4", markers = "python_version < \"3.8\""}
zipp = ">=0.5"

[package.extras]
docs = ["sphinx", "jaraco.packaging (>=8.2)", "rst.linker (>=1.9)"]
testing = ["pytest (>=3.5,!=3.7.3)", "pytest-checkdocs (>=1.2.3)", "pytest-flake8", "pytest-cov", "pytest-enabler", "packaging", "pep517", "pyfakefs", "flufl.flake8", "pytest-black (>=0.3.7)", "pytest-mypy", "importlib-resources (>=1.3)"]

[[package]]
name = "iniconfig"
version = "1.1.1"
description = "iniconfig: brain-dead simple config-ini parsing"
category = "main"
optional = false
python-versions = "*"

[[package]]
name = "isodate"
version = "0.6.0"
description = "An ISO 8601 date/time/duration parser and formatter"
category = "main"
optional = false
python-versions = "*"

[package.dependencies]
six = "*"

[[package]]
name = "itsdangerous"
version = "1.1.0"
description = "Various helpers to pass data to untrusted environments and back."
category = "main"
optional = false
python-versions = ">=2.7, !=3.0.*, !=3.1.*, !=3.2.*, !=3.3.*"

[[package]]
name = "jinja2"
version = "2.11.3"
description = "A very fast and expressive template engine."
category = "main"
optional = false
python-versions = ">=2.7, !=3.0.*, !=3.1.*, !=3.2.*, !=3.3.*, !=3.4.*"

[package.dependencies]
MarkupSafe = ">=0.23"

[package.extras]
i18n = ["Babel (>=0.8)"]

[[package]]
name = "markupsafe"
version = "1.1.1"
description = "Safely add untrusted strings to HTML/XML markup."
category = "main"
optional = false
python-versions = ">=2.7,!=3.0.*,!=3.1.*,!=3.2.*,!=3.3.*"

[[package]]
name = "maturin"
version = "0.9.4"
description = "Build and publish crates with pyo3, rust-cpython and cffi bindings as well as rust binaries as python packages"
category = "dev"
optional = false
python-versions = ">=3.5"

[package.dependencies]
toml = ">=0.10.0,<0.11.0"

[[package]]
name = "owlrl"
version = "5.2.1"
description = "OWL-RL and RDFS based RDF Closure inferencing for Python"
category = "main"
optional = false
python-versions = "*"

[package.dependencies]
rdflib = ">=4.2.2"
rdflib-jsonld = ">=0.4.0"

[[package]]
name = "packaging"
version = "20.9"
description = "Core utilities for Python packages"
category = "main"
optional = false
python-versions = ">=2.7, !=3.0.*, !=3.1.*, !=3.2.*, !=3.3.*"

[package.dependencies]
pyparsing = ">=2.0.2"

[[package]]
name = "pluggy"
version = "0.13.1"
description = "plugin and hook calling mechanisms for python"
category = "main"
optional = false
python-versions = ">=2.7, !=3.0.*, !=3.1.*, !=3.2.*, !=3.3.*"

[package.dependencies]
importlib-metadata = {version = ">=0.12", markers = "python_version < \"3.8\""}

[package.extras]
dev = ["pre-commit", "tox"]

[[package]]
name = "py"
version = "1.10.0"
description = "library with cross-python path, ini-parsing, io, code, log facilities"
category = "main"
optional = false
python-versions = ">=2.7, !=3.0.*, !=3.1.*, !=3.2.*, !=3.3.*"

[[package]]
name = "pyparsing"
version = "2.4.7"
description = "Python parsing module"
category = "main"
optional = false
python-versions = ">=2.6, !=3.0.*, !=3.1.*, !=3.2.*"

[[package]]
name = "pyshacl"
version = "0.14.3"
description = "Python SHACL Validator"
category = "main"
optional = false
python-versions = ">=3.6,<4.0"

[package.dependencies]
owlrl = ">=5.2.1,<6.0.0"
rdflib = ">=5.0.0,<6.0.0"
rdflib-jsonld = ">=0.5.0,<0.6.0"

[package.extras]
dev-lint = ["black (>=20.8b1,<=21)", "flake8 (>=3.8.0,<4.0.0)", "isort (>=5.7.0,<6.0.0)"]
js = ["pyduktape2 (>=0.4.1,<0.5.0)"]

[[package]]
name = "pytest"
version = "6.2.2"
description = "pytest: simple powerful testing with Python"
category = "main"
optional = false
python-versions = ">=3.6"

[package.dependencies]
atomicwrites = {version = ">=1.0", markers = "sys_platform == \"win32\""}
attrs = ">=19.2.0"
colorama = {version = "*", markers = "sys_platform == \"win32\""}
importlib-metadata = {version = ">=0.12", markers = "python_version < \"3.8\""}
iniconfig = "*"
packaging = "*"
pluggy = ">=0.12,<1.0.0a1"
py = ">=1.8.2"
toml = "*"

[package.extras]
testing = ["argcomplete", "hypothesis (>=3.56)", "mock", "nose", "requests", "xmlschema"]

[[package]]
name = "rdflib"
version = "5.0.0"
description = "RDFLib is a Python library for working with RDF, a simple yet powerful language for representing information."
category = "main"
optional = false
python-versions = "*"

[package.dependencies]
isodate = "*"
pyparsing = "*"
six = "*"

[package.extras]
docs = ["sphinx (<3)", "sphinxcontrib-apidoc"]
html = ["html5lib"]
sparql = ["requests"]
tests = ["html5lib", "networkx", "nose", "doctest-ignore-unicode"]

[[package]]
name = "rdflib-jsonld"
version = "0.5.0"
description = "rdflib extension adding JSON-LD parser and serializer"
category = "main"
optional = false
python-versions = "*"

[package.dependencies]
rdflib = ">=4.2.2"

[[package]]
name = "requests"
version = "2.25.1"
description = "Python HTTP for Humans."
category = "main"
optional = false
python-versions = ">=2.7, !=3.0.*, !=3.1.*, !=3.2.*, !=3.3.*, !=3.4.*"

[package.dependencies]
certifi = ">=2017.4.17"
chardet = ">=3.0.2,<5"
idna = ">=2.5,<3"
urllib3 = ">=1.21.1,<1.27"

[package.extras]
security = ["pyOpenSSL (>=0.14)", "cryptography (>=1.3.4)"]
socks = ["PySocks (>=1.5.6,!=1.5.7)", "win-inet-pton"]

[[package]]
name = "six"
version = "1.15.0"
description = "Python 2 and 3 compatibility utilities"
category = "main"
optional = false
python-versions = ">=2.7, !=3.0.*, !=3.1.*, !=3.2.*"

[[package]]
name = "sqlalchemy"
version = "1.3.23"
description = "Database Abstraction Library"
category = "main"
optional = false
python-versions = ">=2.7, !=3.0.*, !=3.1.*, !=3.2.*, !=3.3.*"

[package.extras]
mssql = ["pyodbc"]
mssql_pymssql = ["pymssql"]
mssql_pyodbc = ["pyodbc"]
mysql = ["mysqlclient"]
oracle = ["cx-oracle"]
postgresql = ["psycopg2"]
postgresql_pg8000 = ["pg8000 (<1.16.6)"]
postgresql_psycopg2binary = ["psycopg2-binary"]
postgresql_psycopg2cffi = ["psycopg2cffi"]
pymysql = ["pymysql (<1)", "pymysql"]

[[package]]
name = "toml"
version = "0.10.2"
description = "Python Library for Tom's Obvious, Minimal Language"
category = "main"
optional = false
python-versions = ">=2.6, !=3.0.*, !=3.1.*, !=3.2.*"

[[package]]
name = "typing-extensions"
version = "3.7.4.3"
description = "Backported and Experimental Type Hints for Python 3.5+"
category = "main"
optional = false
python-versions = "*"

[[package]]
name = "urllib3"
version = "1.26.3"
description = "HTTP library with thread-safe connection pooling, file post, and more."
category = "main"
optional = false
python-versions = ">=2.7, !=3.0.*, !=3.1.*, !=3.2.*, !=3.3.*, !=3.4.*, <4"

[package.extras]
brotli = ["brotlipy (>=0.6.0)"]
secure = ["pyOpenSSL (>=0.14)", "cryptography (>=1.3.4)", "idna (>=2.0.0)", "certifi", "ipaddress"]
socks = ["PySocks (>=1.5.6,!=1.5.7,<2.0)"]

[[package]]
name = "werkzeug"
version = "1.0.1"
description = "The comprehensive WSGI web application library."
category = "main"
optional = false
python-versions = ">=2.7, !=3.0.*, !=3.1.*, !=3.2.*, !=3.3.*, !=3.4.*"

[package.extras]
dev = ["pytest", "pytest-timeout", "coverage", "tox", "sphinx", "pallets-sphinx-themes", "sphinx-issues"]
watchdog = ["watchdog"]

[[package]]
name = "zipp"
version = "3.4.0"
description = "Backport of pathlib-compatible object wrapper for zip files"
category = "main"
optional = false
python-versions = ">=3.6"

[package.extras]
docs = ["sphinx", "jaraco.packaging (>=3.2)", "rst.linker (>=1.9)"]
testing = ["pytest (>=3.5,!=3.7.3)", "pytest-checkdocs (>=1.2.3)", "pytest-flake8", "pytest-cov", "jaraco.test (>=3.2.0)", "jaraco.itertools", "func-timeout", "pytest-black (>=0.3.7)", "pytest-mypy"]

[metadata]
lock-version = "1.1"
python-versions = "^3.6"
content-hash = "3dabecae661ace281d4d3837d2e360376605fa65944434a4301c1b5fe35737ff"

[metadata.files]
atomicwrites = [
    {file = "atomicwrites-1.4.0-py2.py3-none-any.whl", hash = "sha256:6d1784dea7c0c8d4a5172b6c620f40b6e4cbfdf96d783691f2e1302a7b88e197"},
    {file = "atomicwrites-1.4.0.tar.gz", hash = "sha256:ae70396ad1a434f9c7046fd2dd196fc04b12f9e91ffb859164193be8b6168a7a"},
]
attrs = [
    {file = "attrs-20.3.0-py2.py3-none-any.whl", hash = "sha256:31b2eced602aa8423c2aea9c76a724617ed67cf9513173fd3a4f03e3a929c7e6"},
    {file = "attrs-20.3.0.tar.gz", hash = "sha256:832aa3cde19744e49938b91fea06d69ecb9e649c93ba974535d08ad92164f700"},
]
brickschema = [
    {file = "brickschema-0.3.0-py3-none-any.whl", hash = "sha256:eab202ba0504ec2f4d41ad3cd8e6ada6d78e70635cf0c53312ff0765320fd57b"},
    {file = "brickschema-0.3.0.tar.gz", hash = "sha256:6bf2ba29336c08feb5cd9f880e3b8692cc9f1d4f274c59a1ed9d4615379476c9"},
]
certifi = [
    {file = "certifi-2020.12.5-py2.py3-none-any.whl", hash = "sha256:719a74fb9e33b9bd44cc7f3a8d94bc35e4049deebe19ba7d8e108280cfd59830"},
    {file = "certifi-2020.12.5.tar.gz", hash = "sha256:1a4995114262bffbc2413b159f2a1a480c969de6e6eb13ee966d470af86af59c"},
]
chardet = [
    {file = "chardet-4.0.0-py2.py3-none-any.whl", hash = "sha256:f864054d66fd9118f2e67044ac8981a54775ec5b67aed0441892edb553d21da5"},
    {file = "chardet-4.0.0.tar.gz", hash = "sha256:0d6f53a15db4120f2b08c94f11e7d93d2c911ee118b6b30a04ec3ee8310179fa"},
]
click = [
    {file = "click-7.1.2-py2.py3-none-any.whl", hash = "sha256:dacca89f4bfadd5de3d7489b7c8a566eee0d3676333fbb50030263894c38c0dc"},
    {file = "click-7.1.2.tar.gz", hash = "sha256:d2b5255c7c6349bc1bd1e59e08cd12acbbd63ce649f2588755783aa94dfb6b1a"},
]
colorama = [
    {file = "colorama-0.4.4-py2.py3-none-any.whl", hash = "sha256:9f47eda37229f68eee03b24b9748937c7dc3868f906e8ba69fbcbdd3bc5dc3e2"},
    {file = "colorama-0.4.4.tar.gz", hash = "sha256:5941b2b48a20143d2267e95b1c2a7603ce057ee39fd88e7329b0c292aa16869b"},
]
flask = [
    {file = "Flask-1.1.2-py2.py3-none-any.whl", hash = "sha256:8a4fdd8936eba2512e9c85df320a37e694c93945b33ef33c89946a340a238557"},
    {file = "Flask-1.1.2.tar.gz", hash = "sha256:4efa1ae2d7c9865af48986de8aeb8504bf32c7f3d6fdc9353d34b21f4b127060"},
]
idna = [
    {file = "idna-2.10-py2.py3-none-any.whl", hash = "sha256:b97d804b1e9b523befed77c48dacec60e6dcb0b5391d57af6a65a312a90648c0"},
    {file = "idna-2.10.tar.gz", hash = "sha256:b307872f855b18632ce0c21c5e45be78c0ea7ae4c15c828c20788b26921eb3f6"},
]
importlib-metadata = [
    {file = "importlib_metadata-3.7.0-py3-none-any.whl", hash = "sha256:c6af5dbf1126cd959c4a8d8efd61d4d3c83bddb0459a17e554284a077574b614"},
    {file = "importlib_metadata-3.7.0.tar.gz", hash = "sha256:24499ffde1b80be08284100393955842be4a59c7c16bbf2738aad0e464a8e0aa"},
]
iniconfig = [
    {file = "iniconfig-1.1.1-py2.py3-none-any.whl", hash = "sha256:011e24c64b7f47f6ebd835bb12a743f2fbe9a26d4cecaa7f53bc4f35ee9da8b3"},
    {file = "iniconfig-1.1.1.tar.gz", hash = "sha256:bc3af051d7d14b2ee5ef9969666def0cd1a000e121eaea580d4a313df4b37f32"},
]
isodate = [
    {file = "isodate-0.6.0-py2.py3-none-any.whl", hash = "sha256:aa4d33c06640f5352aca96e4b81afd8ab3b47337cc12089822d6f322ac772c81"},
    {file = "isodate-0.6.0.tar.gz", hash = "sha256:2e364a3d5759479cdb2d37cce6b9376ea504db2ff90252a2e5b7cc89cc9ff2d8"},
]
itsdangerous = [
    {file = "itsdangerous-1.1.0-py2.py3-none-any.whl", hash = "sha256:b12271b2047cb23eeb98c8b5622e2e5c5e9abd9784a153e9d8ef9cb4dd09d749"},
    {file = "itsdangerous-1.1.0.tar.gz", hash = "sha256:321b033d07f2a4136d3ec762eac9f16a10ccd60f53c0c91af90217ace7ba1f19"},
]
jinja2 = [
    {file = "Jinja2-2.11.3-py2.py3-none-any.whl", hash = "sha256:03e47ad063331dd6a3f04a43eddca8a966a26ba0c5b7207a9a9e4e08f1b29419"},
    {file = "Jinja2-2.11.3.tar.gz", hash = "sha256:a6d58433de0ae800347cab1fa3043cebbabe8baa9d29e668f1c768cb87a333c6"},
]
markupsafe = [
    {file = "MarkupSafe-1.1.1-cp27-cp27m-macosx_10_6_intel.whl", hash = "sha256:09027a7803a62ca78792ad89403b1b7a73a01c8cb65909cd876f7fcebd79b161"},
    {file = "MarkupSafe-1.1.1-cp27-cp27m-manylinux1_i686.whl", hash = "sha256:e249096428b3ae81b08327a63a485ad0878de3fb939049038579ac0ef61e17e7"},
    {file = "MarkupSafe-1.1.1-cp27-cp27m-manylinux1_x86_64.whl", hash = "sha256:500d4957e52ddc3351cabf489e79c91c17f6e0899158447047588650b5e69183"},
    {file = "MarkupSafe-1.1.1-cp27-cp27m-win32.whl", hash = "sha256:b2051432115498d3562c084a49bba65d97cf251f5a331c64a12ee7e04dacc51b"},
    {file = "MarkupSafe-1.1.1-cp27-cp27m-win_amd64.whl", hash = "sha256:98c7086708b163d425c67c7a91bad6e466bb99d797aa64f965e9d25c12111a5e"},
    {file = "MarkupSafe-1.1.1-cp27-cp27mu-manylinux1_i686.whl", hash = "sha256:cd5df75523866410809ca100dc9681e301e3c27567cf498077e8551b6d20e42f"},
    {file = "MarkupSafe-1.1.1-cp27-cp27mu-manylinux1_x86_64.whl", hash = "sha256:43a55c2930bbc139570ac2452adf3d70cdbb3cfe5912c71cdce1c2c6bbd9c5d1"},
    {file = "MarkupSafe-1.1.1-cp34-cp34m-macosx_10_6_intel.whl", hash = "sha256:1027c282dad077d0bae18be6794e6b6b8c91d58ed8a8d89a89d59693b9131db5"},
    {file = "MarkupSafe-1.1.1-cp34-cp34m-manylinux1_i686.whl", hash = "sha256:62fe6c95e3ec8a7fad637b7f3d372c15ec1caa01ab47926cfdf7a75b40e0eac1"},
    {file = "MarkupSafe-1.1.1-cp34-cp34m-manylinux1_x86_64.whl", hash = "sha256:88e5fcfb52ee7b911e8bb6d6aa2fd21fbecc674eadd44118a9cc3863f938e735"},
    {file = "MarkupSafe-1.1.1-cp34-cp34m-win32.whl", hash = "sha256:ade5e387d2ad0d7ebf59146cc00c8044acbd863725f887353a10df825fc8ae21"},
    {file = "MarkupSafe-1.1.1-cp34-cp34m-win_amd64.whl", hash = "sha256:09c4b7f37d6c648cb13f9230d847adf22f8171b1ccc4d5682398e77f40309235"},
    {file = "MarkupSafe-1.1.1-cp35-cp35m-macosx_10_6_intel.whl", hash = "sha256:79855e1c5b8da654cf486b830bd42c06e8780cea587384cf6545b7d9ac013a0b"},
    {file = "MarkupSafe-1.1.1-cp35-cp35m-manylinux1_i686.whl", hash = "sha256:c8716a48d94b06bb3b2524c2b77e055fb313aeb4ea620c8dd03a105574ba704f"},
    {file = "MarkupSafe-1.1.1-cp35-cp35m-manylinux1_x86_64.whl", hash = "sha256:7c1699dfe0cf8ff607dbdcc1e9b9af1755371f92a68f706051cc8c37d447c905"},
    {file = "MarkupSafe-1.1.1-cp35-cp35m-win32.whl", hash = "sha256:6dd73240d2af64df90aa7c4e7481e23825ea70af4b4922f8ede5b9e35f78a3b1"},
    {file = "MarkupSafe-1.1.1-cp35-cp35m-win_amd64.whl", hash = "sha256:9add70b36c5666a2ed02b43b335fe19002ee5235efd4b8a89bfcf9005bebac0d"},
    {file = "MarkupSafe-1.1.1-cp36-cp36m-macosx_10_6_intel.whl", hash = "sha256:24982cc2533820871eba85ba648cd53d8623687ff11cbb805be4ff7b4c971aff"},
    {file = "MarkupSafe-1.1.1-cp36-cp36m-manylinux1_i686.whl", hash = "sha256:00bc623926325b26bb9605ae9eae8a215691f33cae5df11ca5424f06f2d1f473"},
    {file = "MarkupSafe-1.1.1-cp36-cp36m-manylinux1_x86_64.whl", hash = "sha256:717ba8fe3ae9cc0006d7c451f0bb265ee07739daf76355d06366154ee68d221e"},
    {file = "MarkupSafe-1.1.1-cp36-cp36m-win32.whl", hash = "sha256:535f6fc4d397c1563d08b88e485c3496cf5784e927af890fb3c3aac7f933ec66"},
    {file = "MarkupSafe-1.1.1-cp36-cp36m-win_amd64.whl", hash = "sha256:b1282f8c00509d99fef04d8ba936b156d419be841854fe901d8ae224c59f0be5"},
    {file = "MarkupSafe-1.1.1-cp37-cp37m-macosx_10_6_intel.whl", hash = "sha256:8defac2f2ccd6805ebf65f5eeb132adcf2ab57aa11fdf4c0dd5169a004710e7d"},
    {file = "MarkupSafe-1.1.1-cp37-cp37m-manylinux1_i686.whl", hash = "sha256:46c99d2de99945ec5cb54f23c8cd5689f6d7177305ebff350a58ce5f8de1669e"},
    {file = "MarkupSafe-1.1.1-cp37-cp37m-manylinux1_x86_64.whl", hash = "sha256:ba59edeaa2fc6114428f1637ffff42da1e311e29382d81b339c1817d37ec93c6"},
    {file = "MarkupSafe-1.1.1-cp37-cp37m-win32.whl", hash = "sha256:b00c1de48212e4cc9603895652c5c410df699856a2853135b3967591e4beebc2"},
    {file = "MarkupSafe-1.1.1-cp37-cp37m-win_amd64.whl", hash = "sha256:9bf40443012702a1d2070043cb6291650a0841ece432556f784f004937f0f32c"},
    {file = "MarkupSafe-1.1.1-cp38-cp38-macosx_10_9_x86_64.whl", hash = "sha256:6788b695d50a51edb699cb55e35487e430fa21f1ed838122d722e0ff0ac5ba15"},
    {file = "MarkupSafe-1.1.1-cp38-cp38-manylinux1_i686.whl", hash = "sha256:cdb132fc825c38e1aeec2c8aa9338310d29d337bebbd7baa06889d09a60a1fa2"},
    {file = "MarkupSafe-1.1.1-cp38-cp38-manylinux1_x86_64.whl", hash = "sha256:13d3144e1e340870b25e7b10b98d779608c02016d5184cfb9927a9f10c689f42"},
    {file = "MarkupSafe-1.1.1-cp38-cp38-win32.whl", hash = "sha256:596510de112c685489095da617b5bcbbac7dd6384aeebeda4df6025d0256a81b"},
    {file = "MarkupSafe-1.1.1-cp38-cp38-win_amd64.whl", hash = "sha256:e8313f01ba26fbbe36c7be1966a7b7424942f670f38e666995b88d012765b9be"},
    {file = "MarkupSafe-1.1.1.tar.gz", hash = "sha256:29872e92839765e546828bb7754a68c418d927cd064fd4708fab9fe9c8bb116b"},
]
maturin = [
    {file = "maturin-0.9.4-py3-none-macosx_10_7_x86_64.whl", hash = "sha256:79ea854e014e8a601fc1b71eb3bb82bf4d81b62890dee69e4a083cba1f738ce9"},
    {file = "maturin-0.9.4-py3-none-manylinux2010_x86_64.whl", hash = "sha256:e52dfb6bc6f1c1062883fd785466e246d733f9c7eb90a3cd00ff2d4c659d23ca"},
    {file = "maturin-0.9.4-py3-none-manylinux2014_aarch64.whl", hash = "sha256:ea08990ba22b76da8f83e5cd1a75f0ec08c045fa0149901343eba1fccfc2a406"},
    {file = "maturin-0.9.4-py3-none-manylinux2014_armv7l.whl", hash = "sha256:213a69ed4976d078439d2bad148f41f82c919ab98fa85d3d54ebc3ba211a5895"},
    {file = "maturin-0.9.4-py3-none-win32.whl", hash = "sha256:981330c9c46c2e5c6a648ef54809f573fa9bc257151c119089ccf9d3fe9bfb82"},
    {file = "maturin-0.9.4-py3-none-win_amd64.whl", hash = "sha256:07ed1cc166bff8d66245c2112ae58869d3cb3ae47a057de06945ea0eb10337d6"},
    {file = "maturin-0.9.4.tar.gz", hash = "sha256:2e0b0c3eb233e7b776c004ee4b980907beaf2babbe21da05a60ac55c1dff46c3"},
]
owlrl = [
    {file = "owlrl-5.2.1-py3-none-any.whl", hash = "sha256:2ad753f5ba6d1fe2d88bf36f427df31553f2eaa0283692e3cd06cab20ac8aec3"},
    {file = "owlrl-5.2.1.tar.gz", hash = "sha256:efdebe76cf9ad148f316a9ae92e898e12b3b3690bd90218c898a2b676955b266"},
]
packaging = [
    {file = "packaging-20.9-py2.py3-none-any.whl", hash = "sha256:67714da7f7bc052e064859c05c595155bd1ee9f69f76557e21f051443c20947a"},
    {file = "packaging-20.9.tar.gz", hash = "sha256:5b327ac1320dc863dca72f4514ecc086f31186744b84a230374cc1fd776feae5"},
]
pluggy = [
    {file = "pluggy-0.13.1-py2.py3-none-any.whl", hash = "sha256:966c145cd83c96502c3c3868f50408687b38434af77734af1e9ca461a4081d2d"},
    {file = "pluggy-0.13.1.tar.gz", hash = "sha256:15b2acde666561e1298d71b523007ed7364de07029219b604cf808bfa1c765b0"},
]
py = [
    {file = "py-1.10.0-py2.py3-none-any.whl", hash = "sha256:3b80836aa6d1feeaa108e046da6423ab8f6ceda6468545ae8d02d9d58d18818a"},
    {file = "py-1.10.0.tar.gz", hash = "sha256:21b81bda15b66ef5e1a777a21c4dcd9c20ad3efd0b3f817e7a809035269e1bd3"},
]
pyparsing = [
    {file = "pyparsing-2.4.7-py2.py3-none-any.whl", hash = "sha256:ef9d7589ef3c200abe66653d3f1ab1033c3c419ae9b9bdb1240a85b024efc88b"},
    {file = "pyparsing-2.4.7.tar.gz", hash = "sha256:c203ec8783bf771a155b207279b9bccb8dea02d8f0c9e5f8ead507bc3246ecc1"},
]
pyshacl = [
    {file = "pyshacl-0.14.3-py3-none-any.whl", hash = "sha256:6089a7b9f6602a9c0282b33ae1334438174342bfe18eb9b413c19334c9531c46"},
    {file = "pyshacl-0.14.3.tar.gz", hash = "sha256:478d60eab829ed31b2bf1239dcd349122db7087e95594a93661fc9b467b2438d"},
]
pytest = [
    {file = "pytest-6.2.2-py3-none-any.whl", hash = "sha256:b574b57423e818210672e07ca1fa90aaf194a4f63f3ab909a2c67ebb22913839"},
    {file = "pytest-6.2.2.tar.gz", hash = "sha256:9d1edf9e7d0b84d72ea3dbcdfd22b35fb543a5e8f2a60092dd578936bf63d7f9"},
]
rdflib = [
    {file = "rdflib-5.0.0-py3-none-any.whl", hash = "sha256:88208ea971a87886d60ae2b1a4b2cdc263527af0454c422118d43fe64b357877"},
    {file = "rdflib-5.0.0.tar.gz", hash = "sha256:78149dd49d385efec3b3adfbd61c87afaf1281c30d3fcaf1b323b34f603fb155"},
]
rdflib-jsonld = [
    {file = "rdflib-jsonld-0.5.0.tar.gz", hash = "sha256:4f7d55326405071c7bce9acf5484643bcb984eadb84a6503053367da207105ed"},
]
requests = [
    {file = "requests-2.25.1-py2.py3-none-any.whl", hash = "sha256:c210084e36a42ae6b9219e00e48287def368a26d03a048ddad7bfee44f75871e"},
    {file = "requests-2.25.1.tar.gz", hash = "sha256:27973dd4a904a4f13b263a19c866c13b92a39ed1c964655f025f3f8d3d75b804"},
]
six = [
    {file = "six-1.15.0-py2.py3-none-any.whl", hash = "sha256:8b74bedcbbbaca38ff6d7491d76f2b06b3592611af620f8426e82dddb04a5ced"},
    {file = "six-1.15.0.tar.gz", hash = "sha256:30639c035cdb23534cd4aa2dd52c3bf48f06e5f4a941509c8bafd8ce11080259"},
]
sqlalchemy = [
    {file = "SQLAlchemy-1.3.23-cp27-cp27m-macosx_10_14_x86_64.whl", hash = "sha256:fd3b96f8c705af8e938eaa99cbd8fd1450f632d38cad55e7367c33b263bf98ec"},
    {file = "SQLAlchemy-1.3.23-cp27-cp27m-manylinux1_x86_64.whl", hash = "sha256:29cccc9606750fe10c5d0e8bd847f17a97f3850b8682aef1f56f5d5e1a5a64b1"},
    {file = "SQLAlchemy-1.3.23-cp27-cp27m-manylinux2010_x86_64.whl", hash = "sha256:927ce09e49bff3104459e1451ce82983b0a3062437a07d883a4c66f0b344c9b5"},
    {file = "SQLAlchemy-1.3.23-cp27-cp27m-win32.whl", hash = "sha256:b4b0e44d586cd64b65b507fa116a3814a1a53d55dce4836d7c1a6eb2823ff8d1"},
    {file = "SQLAlchemy-1.3.23-cp27-cp27m-win_amd64.whl", hash = "sha256:6b8b8c80c7f384f06825612dd078e4a31f0185e8f1f6b8c19e188ff246334205"},
    {file = "SQLAlchemy-1.3.23-cp27-cp27mu-manylinux1_x86_64.whl", hash = "sha256:9e9c25522933e569e8b53ccc644dc993cab87e922fb7e142894653880fdd419d"},
    {file = "SQLAlchemy-1.3.23-cp27-cp27mu-manylinux2010_x86_64.whl", hash = "sha256:a0e306e9bb76fd93b29ae3a5155298e4c1b504c7cbc620c09c20858d32d16234"},
    {file = "SQLAlchemy-1.3.23-cp35-cp35m-macosx_10_14_x86_64.whl", hash = "sha256:6c9e6cc9237de5660bcddea63f332428bb83c8e2015c26777281f7ffbd2efb84"},
    {file = "SQLAlchemy-1.3.23-cp35-cp35m-manylinux1_x86_64.whl", hash = "sha256:94f667d86be82dd4cb17d08de0c3622e77ca865320e0b95eae6153faa7b4ecaf"},
    {file = "SQLAlchemy-1.3.23-cp35-cp35m-manylinux2010_x86_64.whl", hash = "sha256:751934967f5336a3e26fc5993ccad1e4fee982029f9317eb6153bc0bc3d2d2da"},
    {file = "SQLAlchemy-1.3.23-cp35-cp35m-manylinux2014_aarch64.whl", hash = "sha256:63677d0c08524af4c5893c18dbe42141de7178001360b3de0b86217502ed3601"},
    {file = "SQLAlchemy-1.3.23-cp35-cp35m-win32.whl", hash = "sha256:ddfb511e76d016c3a160910642d57f4587dc542ce5ee823b0d415134790eeeb9"},
    {file = "SQLAlchemy-1.3.23-cp35-cp35m-win_amd64.whl", hash = "sha256:040bdfc1d76a9074717a3f43455685f781c581f94472b010cd6c4754754e1862"},
    {file = "SQLAlchemy-1.3.23-cp36-cp36m-macosx_10_14_x86_64.whl", hash = "sha256:d1a85dfc5dee741bf49cb9b6b6b8d2725a268e4992507cf151cba26b17d97c37"},
    {file = "SQLAlchemy-1.3.23-cp36-cp36m-manylinux1_x86_64.whl", hash = "sha256:639940bbe1108ac667dcffc79925db2966826c270112e9159439ab6bb14f8d80"},
    {file = "SQLAlchemy-1.3.23-cp36-cp36m-manylinux2010_x86_64.whl", hash = "sha256:e8a1750b44ad6422ace82bf3466638f1aa0862dbb9689690d5f2f48cce3476c8"},
    {file = "SQLAlchemy-1.3.23-cp36-cp36m-manylinux2014_aarch64.whl", hash = "sha256:e5bb3463df697279e5459a7316ad5a60b04b0107f9392e88674d0ece70e9cf70"},
    {file = "SQLAlchemy-1.3.23-cp36-cp36m-win32.whl", hash = "sha256:e273367f4076bd7b9a8dc2e771978ef2bfd6b82526e80775a7db52bff8ca01dd"},
    {file = "SQLAlchemy-1.3.23-cp36-cp36m-win_amd64.whl", hash = "sha256:ac2244e64485c3778f012951fdc869969a736cd61375fde6096d08850d8be729"},
    {file = "SQLAlchemy-1.3.23-cp37-cp37m-macosx_10_14_x86_64.whl", hash = "sha256:23927c3981d1ec6b4ea71eb99d28424b874d9c696a21e5fbd9fa322718be3708"},
    {file = "SQLAlchemy-1.3.23-cp37-cp37m-manylinux1_x86_64.whl", hash = "sha256:d90010304abb4102123d10cbad2cdf2c25a9f2e66a50974199b24b468509bad5"},
    {file = "SQLAlchemy-1.3.23-cp37-cp37m-manylinux2010_x86_64.whl", hash = "sha256:a8bfc1e1afe523e94974132d7230b82ca7fa2511aedde1f537ec54db0399541a"},
    {file = "SQLAlchemy-1.3.23-cp37-cp37m-manylinux2014_aarch64.whl", hash = "sha256:269990b3ab53cb035d662dcde51df0943c1417bdab707dc4a7e4114a710504b4"},
    {file = "SQLAlchemy-1.3.23-cp37-cp37m-win32.whl", hash = "sha256:fdd2ed7395df8ac2dbb10cefc44737b66c6a5cd7755c92524733d7a443e5b7e2"},
    {file = "SQLAlchemy-1.3.23-cp37-cp37m-win_amd64.whl", hash = "sha256:6a939a868fdaa4b504e8b9d4a61f21aac11e3fecc8a8214455e144939e3d2aea"},
    {file = "SQLAlchemy-1.3.23-cp38-cp38-macosx_10_14_x86_64.whl", hash = "sha256:24f9569e82a009a09ce2d263559acb3466eba2617203170e4a0af91e75b4f075"},
    {file = "SQLAlchemy-1.3.23-cp38-cp38-manylinux1_x86_64.whl", hash = "sha256:2578dbdbe4dbb0e5126fb37ffcd9793a25dcad769a95f171a2161030bea850ff"},
    {file = "SQLAlchemy-1.3.23-cp38-cp38-manylinux2010_x86_64.whl", hash = "sha256:1fe5d8d39118c2b018c215c37b73fd6893c3e1d4895be745ca8ff6eb83333ed3"},
    {file = "SQLAlchemy-1.3.23-cp38-cp38-manylinux2014_aarch64.whl", hash = "sha256:c7dc052432cd5d060d7437e217dd33c97025287f99a69a50e2dc1478dd610d64"},
    {file = "SQLAlchemy-1.3.23-cp38-cp38-win32.whl", hash = "sha256:ecce8c021894a77d89808222b1ff9687ad84db54d18e4bd0500ca766737faaf6"},
    {file = "SQLAlchemy-1.3.23-cp38-cp38-win_amd64.whl", hash = "sha256:37b83bf81b4b85dda273aaaed5f35ea20ad80606f672d94d2218afc565fb0173"},
    {file = "SQLAlchemy-1.3.23-cp39-cp39-macosx_10_14_x86_64.whl", hash = "sha256:8be835aac18ec85351385e17b8665bd4d63083a7160a017bef3d640e8e65cadb"},
    {file = "SQLAlchemy-1.3.23-cp39-cp39-manylinux1_x86_64.whl", hash = "sha256:6ec1044908414013ebfe363450c22f14698803ce97fbb47e53284d55c5165848"},
    {file = "SQLAlchemy-1.3.23-cp39-cp39-manylinux2010_x86_64.whl", hash = "sha256:eab063a70cca4a587c28824e18be41d8ecc4457f8f15b2933584c6c6cccd30f0"},
    {file = "SQLAlchemy-1.3.23-cp39-cp39-manylinux2014_aarch64.whl", hash = "sha256:baeb451ee23e264de3f577fee5283c73d9bbaa8cb921d0305c0bbf700094b65b"},
    {file = "SQLAlchemy-1.3.23-cp39-cp39-win32.whl", hash = "sha256:94208867f34e60f54a33a37f1c117251be91a47e3bfdb9ab8a7847f20886ad06"},
    {file = "SQLAlchemy-1.3.23-cp39-cp39-win_amd64.whl", hash = "sha256:f4d972139d5000105fcda9539a76452039434013570d6059993120dc2a65e447"},
    {file = "SQLAlchemy-1.3.23.tar.gz", hash = "sha256:6fca33672578666f657c131552c4ef8979c1606e494f78cd5199742dfb26918b"},
]
toml = [
    {file = "toml-0.10.2-py2.py3-none-any.whl", hash = "sha256:806143ae5bfb6a3c6e736a764057db0e6a0e05e338b5630894a5f779cabb4f9b"},
    {file = "toml-0.10.2.tar.gz", hash = "sha256:b3bda1d108d5dd99f4a20d24d9c348e91c4db7ab1b749200bded2f839ccbe68f"},
]
typing-extensions = [
    {file = "typing_extensions-3.7.4.3-py2-none-any.whl", hash = "sha256:dafc7639cde7f1b6e1acc0f457842a83e722ccca8eef5270af2d74792619a89f"},
    {file = "typing_extensions-3.7.4.3-py3-none-any.whl", hash = "sha256:7cb407020f00f7bfc3cb3e7881628838e69d8f3fcab2f64742a5e76b2f841918"},
    {file = "typing_extensions-3.7.4.3.tar.gz", hash = "sha256:99d4073b617d30288f569d3f13d2bd7548c3a7e4c8de87db09a9d29bb3a4a60c"},
]
urllib3 = [
    {file = "urllib3-1.26.3-py2.py3-none-any.whl", hash = "sha256:1b465e494e3e0d8939b50680403e3aedaa2bc434b7d5af64dfd3c958d7f5ae80"},
    {file = "urllib3-1.26.3.tar.gz", hash = "sha256:de3eedaad74a2683334e282005cd8d7f22f4d55fa690a2a1020a416cb0a47e73"},
]
werkzeug = [
    {file = "Werkzeug-1.0.1-py2.py3-none-any.whl", hash = "sha256:2de2a5db0baeae7b2d2664949077c2ac63fbd16d98da0ff71837f7d1dea3fd43"},
    {file = "Werkzeug-1.0.1.tar.gz", hash = "sha256:6c80b1e5ad3665290ea39320b91e1be1e0d5f60652b964a3070216de83d2e47c"},
]
zipp = [
    {file = "zipp-3.4.0-py3-none-any.whl", hash = "sha256:102c24ef8f171fd729d46599845e95c7ab894a4cf45f5de11a44cc7444fb1108"},
    {file = "zipp-3.4.0.tar.gz", hash = "sha256:ed5eee1974372595f9e416cc7bbeeb12335201d8081ca8a0743c954d4446e5cb"},
]
